
Microsoft Visual Studio Solution File, Format Version 12.00
# Visual Studio Version 17
VisualStudioVersion = 17.4.33213.308
MinimumVisualStudioVersion = 10.0.40219.1
Project("{FAE04EC0-301F-11D3-BF4B-00C04F79EFBC}") = "Bosluq olmayan veziyyetde qaytaran metod", "Bosluq olmayan veziyyetde qaytaran metod\Bosluq olmayan veziyyetde qaytaran metod.csproj", "{C91285A6-B712-4FE7-B711-BA80A2C6A06A}"
EndProject
Global
	GlobalSection(SolutionConfigurationPlatforms) = preSolution
		Debug|Any CPU = Debug|Any CPU
		Release|Any CPU = Release|Any CPU
	EndGlobalSection
	GlobalSection(ProjectConfigurationPlatforms) = postSolution
		{C91285A6-B712-4FE7-B711-BA80A2C6A06A}.Debug|Any CPU.ActiveCfg = Debug|Any CPU
		{C91285A6-B712-4FE7-B711-BA80A2C6A06A}.Debug|Any CPU.Build.0 = Debug|Any CPU
		{C91285A6-B712-4FE7-B711-BA80A2C6A06A}.Release|Any CPU.ActiveCfg = Release|Any CPU
		{C91285A6-B712-4FE7-B711-BA80A2C6A06A}.Release|Any CPU.Build.0 = Release|Any CPU
	EndGlobalSection
	GlobalSection(SolutionProperties) = preSolution
		HideSolutionNode = FALSE
	EndGlobalSection
	GlobalSection(ExtensibilityGlobals) = postSolution
		SolutionGuid = {73C91E3A-E880-4FFC-8159-2E0D686B29D0}
	EndGlobalSection
EndGlobal
